
Microsoft Visual Studio Solution File, Format Version 12.00
# Visual Studio Version 17
VisualStudioVersion = 17.0.31808.319
MinimumVisualStudioVersion = 10.0.40219.1
Project("{9A19103F-16F7-4668-BE54-9A1E7A4F7556}") = "BlazorComponentCommunication", "BlazorComponentCommunication\BlazorComponentCommunication.csproj", "{A9AB0941-6EA5-43E3-8BFC-9FCC19BEFF21}"
EndProject
Project("{9A19103F-16F7-4668-BE54-9A1E7A4F7556}") = "BlazorLifecycle", "BlazorLifecycle\BlazorLifecycle.csproj", "{333A5A6F-792D-4D06-921E-E2498CA230B7}"
EndProject
Project("{9A19103F-16F7-4668-BE54-9A1E7A4F7556}") = "BlazorJSInterop", "BlazorJSInterop\BlazorJSInterop.csproj", "{D61EF1EA-F5B1-4FD5-A7EC-6885F46248B7}"
EndProject
Project("{9A19103F-16F7-4668-BE54-9A1E7A4F7556}") = "BlazorComponents", "BlazorComponents\BlazorComponents.csproj", "{E6C5722C-4E37-4BBF-ABF7-CDA27D96BB1E}"
EndProject
Project("{9A19103F-16F7-4668-BE54-9A1E7A4F7556}") = "BlazorLocalizationServer", "BlazorLocalizationServer\BlazorLocalizationServer.csproj", "{84CB4540-38BF-4DA4-B85A-D5DB011DAE85}"
EndProject
Project("{9A19103F-16F7-4668-BE54-9A1E7A4F7556}") = "BlazorLocalizationWebAssembly", "BlazorLocalizationWebAssembly\BlazorLocalizationWebAssembly.csproj", "{EC1A69DC-41CB-4CB1-90E5-8E92CDC4D3DC}"
EndProject
Project("{9A19103F-16F7-4668-BE54-9A1E7A4F7556}") = "BlazorForms", "BlazorForms\BlazorForms.csproj", "{06B3D5F7-DB7B-4ACF-A726-89084A7BFB84}"
EndProject
Project("{FAE04EC0-301F-11D3-BF4B-00C04F79EFBC}") = "BlazorErrorHandling", "BlazorErrorHandling\BlazorErrorHandling.csproj", "{A380B45A-8150-4579-8A2E-C5D62413EAFD}"
EndProject
Global
	GlobalSection(SolutionConfigurationPlatforms) = preSolution
		Debug|Any CPU = Debug|Any CPU
		Release|Any CPU = Release|Any CPU
	EndGlobalSection
	GlobalSection(ProjectConfigurationPlatforms) = postSolution
		{A9AB0941-6EA5-43E3-8BFC-9FCC19BEFF21}.Debug|Any CPU.ActiveCfg = Debug|Any CPU
		{A9AB0941-6EA5-43E3-8BFC-9FCC19BEFF21}.Debug|Any CPU.Build.0 = Debug|Any CPU
		{A9AB0941-6EA5-43E3-8BFC-9FCC19BEFF21}.Release|Any CPU.ActiveCfg = Release|Any CPU
		{A9AB0941-6EA5-43E3-8BFC-9FCC19BEFF21}.Release|Any CPU.Build.0 = Release|Any CPU
		{333A5A6F-792D-4D06-921E-E2498CA230B7}.Debug|Any CPU.ActiveCfg = Debug|Any CPU
		{333A5A6F-792D-4D06-921E-E2498CA230B7}.Debug|Any CPU.Build.0 = Debug|Any CPU
		{333A5A6F-792D-4D06-921E-E2498CA230B7}.Release|Any CPU.ActiveCfg = Release|Any CPU
		{333A5A6F-792D-4D06-921E-E2498CA230B7}.Release|Any CPU.Build.0 = Release|Any CPU
		{D61EF1EA-F5B1-4FD5-A7EC-6885F46248B7}.Debug|Any CPU.ActiveCfg = Debug|Any CPU
		{D61EF1EA-F5B1-4FD5-A7EC-6885F46248B7}.Debug|Any CPU.Build.0 = Debug|Any CPU
		{D61EF1EA-F5B1-4FD5-A7EC-6885F46248B7}.Release|Any CPU.ActiveCfg = Release|Any CPU
		{D61EF1EA-F5B1-4FD5-A7EC-6885F46248B7}.Release|Any CPU.Build.0 = Release|Any CPU
		{E6C5722C-4E37-4BBF-ABF7-CDA27D96BB1E}.Debug|Any CPU.ActiveCfg = Debug|Any CPU
		{E6C5722C-4E37-4BBF-ABF7-CDA27D96BB1E}.Debug|Any CPU.Build.0 = Debug|Any CPU
		{E6C5722C-4E37-4BBF-ABF7-CDA27D96BB1E}.Release|Any CPU.ActiveCfg = Release|Any CPU
		{E6C5722C-4E37-4BBF-ABF7-CDA27D96BB1E}.Release|Any CPU.Build.0 = Release|Any CPU
		{84CB4540-38BF-4DA4-B85A-D5DB011DAE85}.Debug|Any CPU.ActiveCfg = Debug|Any CPU
		{84CB4540-38BF-4DA4-B85A-D5DB011DAE85}.Debug|Any CPU.Build.0 = Debug|Any CPU
		{84CB4540-38BF-4DA4-B85A-D5DB011DAE85}.Release|Any CPU.ActiveCfg = Release|Any CPU
		{84CB4540-38BF-4DA4-B85A-D5DB011DAE85}.Release|Any CPU.Build.0 = Release|Any CPU
		{EC1A69DC-41CB-4CB1-90E5-8E92CDC4D3DC}.Debug|Any CPU.ActiveCfg = Debug|Any CPU
		{EC1A69DC-41CB-4CB1-90E5-8E92CDC4D3DC}.Debug|Any CPU.Build.0 = Debug|Any CPU
		{EC1A69DC-41CB-4CB1-90E5-8E92CDC4D3DC}.Release|Any CPU.ActiveCfg = Release|Any CPU
		{EC1A69DC-41CB-4CB1-90E5-8E92CDC4D3DC}.Release|Any CPU.Build.0 = Release|Any CPU
		{06B3D5F7-DB7B-4ACF-A726-89084A7BFB84}.Debug|Any CPU.ActiveCfg = Debug|Any CPU
		{06B3D5F7-DB7B-4ACF-A726-89084A7BFB84}.Debug|Any CPU.Build.0 = Debug|Any CPU
		{06B3D5F7-DB7B-4ACF-A726-89084A7BFB84}.Release|Any CPU.ActiveCfg = Release|Any CPU
		{06B3D5F7-DB7B-4ACF-A726-89084A7BFB84}.Release|Any CPU.Build.0 = Release|Any CPU
		{A380B45A-8150-4579-8A2E-C5D62413EAFD}.Debug|Any CPU.ActiveCfg = Debug|Any CPU
		{A380B45A-8150-4579-8A2E-C5D62413EAFD}.Debug|Any CPU.Build.0 = Debug|Any CPU
		{A380B45A-8150-4579-8A2E-C5D62413EAFD}.Release|Any CPU.ActiveCfg = Release|Any CPU
		{A380B45A-8150-4579-8A2E-C5D62413EAFD}.Release|Any CPU.Build.0 = Release|Any CPU
	EndGlobalSection
	GlobalSection(SolutionProperties) = preSolution
		HideSolutionNode = FALSE
	EndGlobalSection
	GlobalSection(ExtensibilityGlobals) = postSolution
		SolutionGuid = {843BEF78-33DE-40FF-9F72-9FEC4F8110F7}
	EndGlobalSection
EndGlobal
